
Microsoft Visual Studio Solution File, Format Version 12.00
# Visual Studio 15
VisualStudioVersion = 15.0.27428.2002
MinimumVisualStudioVersion = 10.0.40219.1
Project("{FAE04EC0-301F-11D3-BF4B-00C04F79EFBC}") = "BbqMicBack", "BbqMicBack\BbqMicBack.csproj", "{EDB76243-E407-434E-9909-EDC281F29815}"
EndProject
Global
	GlobalSection(SolutionConfigurationPlatforms) = preSolution
		Debug|Any CPU = Debug|Any CPU
		Release|Any CPU = Release|Any CPU
	EndGlobalSection
	GlobalSection(ProjectConfigurationPlatforms) = postSolution
		{EDB76243-E407-434E-9909-EDC281F29815}.Debug|Any CPU.ActiveCfg = Debug|Any CPU
		{EDB76243-E407-434E-9909-EDC281F29815}.Debug|Any CPU.Build.0 = Debug|Any CPU
		{EDB76243-E407-434E-9909-EDC281F29815}.Release|Any CPU.ActiveCfg = Release|Any CPU
		{EDB76243-E407-434E-9909-EDC281F29815}.Release|Any CPU.Build.0 = Release|Any CPU
	EndGlobalSection
	GlobalSection(SolutionProperties) = preSolution
		HideSolutionNode = FALSE
	EndGlobalSection
	GlobalSection(ExtensibilityGlobals) = postSolution
		SolutionGuid = {DD530C0C-826A-414C-B9DD-5E44C4444758}
	EndGlobalSection
EndGlobal
